
Microsoft Visual Studio Solution File, Format Version 12.00
# Visual Studio Version 16
VisualStudioVersion = 16.0.30503.244
MinimumVisualStudioVersion = 10.0.40219.1
Project("{9A19103F-16F7-4668-BE54-9A1E7A4F7556}") = "MailSender", "MailSender\MailSender.csproj", "{8D51D6DC-5CA1-47CA-9478-E5A1938F1EEB}"
EndProject
Project("{2150E333-8FDC-42A3-9474-1A3956D46DE8}") = "Tests", "Tests", "{757BF07B-FCFE-4FE4-B31E-86F0BE95A2D3}"
EndProject
Project("{9A19103F-16F7-4668-BE54-9A1E7A4F7556}") = "WPFTest", "WPFTest\WPFTest.csproj", "{068DCC3C-2AF6-4231-A4E8-CFA4B7248895}"
EndProject
Project("{9A19103F-16F7-4668-BE54-9A1E7A4F7556}") = "MailSender.lib", "MailSender.lib\MailSender.lib.csproj", "{32A433C5-C01D-4F22-9F72-7A948FAF4D53}"
EndProject
Project("{9A19103F-16F7-4668-BE54-9A1E7A4F7556}") = "MailSender.lib.Tests", "Tests\MailSender.lib.Tests\MailSender.lib.Tests.csproj", "{DC73F8D8-2C43-430B-A5E4-135EC6520180}"
EndProject
Project("{FAE04EC0-301F-11D3-BF4B-00C04F79EFBC}") = "HomeTasks", "HomeTasks\HomeTasks.csproj", "{C21C184E-C4F2-4C85-9AA9-5BA7C18F333C}"
EndProject
Global
	GlobalSection(SolutionConfigurationPlatforms) = preSolution
		Debug|Any CPU = Debug|Any CPU
		Release|Any CPU = Release|Any CPU
	EndGlobalSection
	GlobalSection(ProjectConfigurationPlatforms) = postSolution
		{8D51D6DC-5CA1-47CA-9478-E5A1938F1EEB}.Debug|Any CPU.ActiveCfg = Debug|Any CPU
		{8D51D6DC-5CA1-47CA-9478-E5A1938F1EEB}.Debug|Any CPU.Build.0 = Debug|Any CPU
		{8D51D6DC-5CA1-47CA-9478-E5A1938F1EEB}.Release|Any CPU.ActiveCfg = Release|Any CPU
		{8D51D6DC-5CA1-47CA-9478-E5A1938F1EEB}.Release|Any CPU.Build.0 = Release|Any CPU
		{068DCC3C-2AF6-4231-A4E8-CFA4B7248895}.Debug|Any CPU.ActiveCfg = Debug|Any CPU
		{068DCC3C-2AF6-4231-A4E8-CFA4B7248895}.Debug|Any CPU.Build.0 = Debug|Any CPU
		{068DCC3C-2AF6-4231-A4E8-CFA4B7248895}.Release|Any CPU.ActiveCfg = Release|Any CPU
		{068DCC3C-2AF6-4231-A4E8-CFA4B7248895}.Release|Any CPU.Build.0 = Release|Any CPU
		{32A433C5-C01D-4F22-9F72-7A948FAF4D53}.Debug|Any CPU.ActiveCfg = Debug|Any CPU
		{32A433C5-C01D-4F22-9F72-7A948FAF4D53}.Debug|Any CPU.Build.0 = Debug|Any CPU
		{32A433C5-C01D-4F22-9F72-7A948FAF4D53}.Release|Any CPU.ActiveCfg = Release|Any CPU
		{32A433C5-C01D-4F22-9F72-7A948FAF4D53}.Release|Any CPU.Build.0 = Release|Any CPU
		{DC73F8D8-2C43-430B-A5E4-135EC6520180}.Debug|Any CPU.ActiveCfg = Debug|Any CPU
		{DC73F8D8-2C43-430B-A5E4-135EC6520180}.Debug|Any CPU.Build.0 = Debug|Any CPU
		{DC73F8D8-2C43-430B-A5E4-135EC6520180}.Release|Any CPU.ActiveCfg = Release|Any CPU
		{DC73F8D8-2C43-430B-A5E4-135EC6520180}.Release|Any CPU.Build.0 = Release|Any CPU
		{C21C184E-C4F2-4C85-9AA9-5BA7C18F333C}.Debug|Any CPU.ActiveCfg = Debug|Any CPU
		{C21C184E-C4F2-4C85-9AA9-5BA7C18F333C}.Debug|Any CPU.Build.0 = Debug|Any CPU
		{C21C184E-C4F2-4C85-9AA9-5BA7C18F333C}.Release|Any CPU.ActiveCfg = Release|Any CPU
		{C21C184E-C4F2-4C85-9AA9-5BA7C18F333C}.Release|Any CPU.Build.0 = Release|Any CPU
	EndGlobalSection
	GlobalSection(SolutionProperties) = preSolution
		HideSolutionNode = FALSE
	EndGlobalSection
	GlobalSection(NestedProjects) = preSolution
		{068DCC3C-2AF6-4231-A4E8-CFA4B7248895} = {757BF07B-FCFE-4FE4-B31E-86F0BE95A2D3}
		{DC73F8D8-2C43-430B-A5E4-135EC6520180} = {757BF07B-FCFE-4FE4-B31E-86F0BE95A2D3}
		{C21C184E-C4F2-4C85-9AA9-5BA7C18F333C} = {757BF07B-FCFE-4FE4-B31E-86F0BE95A2D3}
	EndGlobalSection
	GlobalSection(ExtensibilityGlobals) = postSolution
		SolutionGuid = {284E06A5-F0CB-4F37-9FA5-E2D315401A16}
	EndGlobalSection
EndGlobal
